
Microsoft Visual Studio Solution File, Format Version 12.00
# Visual Studio 15
VisualStudioVersion = 15.0.28307.779
MinimumVisualStudioVersion = 10.0.40219.1
Project("{FAE04EC0-301F-11D3-BF4B-00C04F79EFBC}") = "BaseLibrary", "BaseLibrary\BaseLibrary.csproj", "{BC55DB09-0278-46AF-AFCA-A49AF67E5C25}"
EndProject
Project("{FAE04EC0-301F-11D3-BF4B-00C04F79EFBC}") = "UnionDelegateLibrary", "UnionDelegateLibrary\UnionDelegateLibrary.csproj", "{82DBF022-D5C8-489A-868F-B0C91B00CB7D}"
EndProject
Project("{FAE04EC0-301F-11D3-BF4B-00C04F79EFBC}") = "UnionDelegateLibraryTests", "UnionDelegateLibraryTests\UnionDelegateLibraryTests.csproj", "{4928B534-EDF2-4779-96D1-ABAF4F7A7BA2}"
EndProject
Project("{FAE04EC0-301F-11D3-BF4B-00C04F79EFBC}") = "RecursiveLibrary", "RecursiveLibrary\RecursiveLibrary.csproj", "{6803A324-1727-44CE-874D-36E530E64235}"
EndProject
Project("{FAE04EC0-301F-11D3-BF4B-00C04F79EFBC}") = "AggregateLibrary", "AggregateLibrary\AggregateLibrary.csproj", "{C847ED97-F286-452C-86B0-09BA267B2F20}"
EndProject
Project("{FAE04EC0-301F-11D3-BF4B-00C04F79EFBC}") = "AggregateLibraryTests", "AggregateLibraryTests\AggregateLibraryTests.csproj", "{8FD37DF0-6886-4A8D-B7FF-2331D9A346C4}"
EndProject
Project("{FAE04EC0-301F-11D3-BF4B-00C04F79EFBC}") = "IntersectLibrary", "IntersectLibrary\IntersectLibrary.csproj", "{CB25F6C7-EDE0-4B90-A75C-6DB010693B3E}"
EndProject
Project("{FAE04EC0-301F-11D3-BF4B-00C04F79EFBC}") = "IntersectLibraryTests", "IntersectLibraryTests\IntersectLibraryTests.csproj", "{414E39CF-4516-4D4A-9C09-9641EFE84D68}"
EndProject
Project("{FAE04EC0-301F-11D3-BF4B-00C04F79EFBC}") = "RecursiveLibraryTests", "RecursiveLibraryTests\RecursiveLibraryTests.csproj", "{466EE5C1-F5EC-4C4F-94EB-55988920171C}"
EndProject
Project("{FAE04EC0-301F-11D3-BF4B-00C04F79EFBC}") = "UnionConditionLibrary", "UnionConditionLibrary\UnionConditionLibrary.csproj", "{EA96BE48-E2AE-46C2-BE1D-A405A7ECEAFE}"
EndProject
Project("{FAE04EC0-301F-11D3-BF4B-00C04F79EFBC}") = "UnionConditionLibraryTests", "UnionConditionLibraryTests\UnionConditionLibraryTests.csproj", "{DE6E3110-1065-4E40-A384-415B46794DE4}"
EndProject
Project("{FAE04EC0-301F-11D3-BF4B-00C04F79EFBC}") = "TemplateMethodLibrary", "TemplateMethodLibrary\TemplateMethodLibrary.csproj", "{FEBE8F81-B8A3-4012-82F9-E3025C803B35}"
EndProject
Project("{FAE04EC0-301F-11D3-BF4B-00C04F79EFBC}") = "TemplateMethodLibraryTests", "TemplateMethodLibraryTests\TemplateMethodLibraryTests.csproj", "{DE956C59-0CDE-4922-ACAF-BA48FC277AAA}"
EndProject
Project("{FAE04EC0-301F-11D3-BF4B-00C04F79EFBC}") = "StrategyLibrary", "StrategyLibrary\StrategyLibrary.csproj", "{9631F982-713A-4509-ABF2-C7D05ABA8D50}"
EndProject
Project("{FAE04EC0-301F-11D3-BF4B-00C04F79EFBC}") = "DataLibrary", "DataLibrary\DataLibrary.csproj", "{B3588B47-92E6-4C49-BC39-E4E4D7F284DD}"
EndProject
Project("{FAE04EC0-301F-11D3-BF4B-00C04F79EFBC}") = "TemplateImplementLibrary", "TemplateImplementLibrary\TemplateImplementLibrary.csproj", "{B82A6458-F884-4130-AD2B-3CFB513E9371}"
EndProject
Project("{FAE04EC0-301F-11D3-BF4B-00C04F79EFBC}") = "StrategyImplementLibrary", "StrategyImplementLibrary\StrategyImplementLibrary.csproj", "{CCA4DBAA-63F4-403B-8989-0E3094FC8304}"
EndProject
Project("{FAE04EC0-301F-11D3-BF4B-00C04F79EFBC}") = "StrategyLibraryTests", "StrategyLibraryTests\StrategyLibraryTests.csproj", "{B7034D3E-6F49-4513-8C10-6AD642729E2D}"
EndProject
Project("{FAE04EC0-301F-11D3-BF4B-00C04F79EFBC}") = "DelegateStrategyLibrary", "DelegateStrategyLibrary\DelegateStrategyLibrary.csproj", "{3DA65026-FF0F-42C0-8616-B1E2CB74819F}"
EndProject
Project("{FAE04EC0-301F-11D3-BF4B-00C04F79EFBC}") = "DelegateStrategyLibraryTests", "DelegateStrategyLibraryTests\DelegateStrategyLibraryTests.csproj", "{BD727AA1-26C7-41E1-B09B-91CD3E1585A3}"
EndProject
Global
	GlobalSection(SolutionConfigurationPlatforms) = preSolution
		Debug|Any CPU = Debug|Any CPU
		Release|Any CPU = Release|Any CPU
	EndGlobalSection
	GlobalSection(ProjectConfigurationPlatforms) = postSolution
		{BC55DB09-0278-46AF-AFCA-A49AF67E5C25}.Debug|Any CPU.ActiveCfg = Debug|Any CPU
		{BC55DB09-0278-46AF-AFCA-A49AF67E5C25}.Debug|Any CPU.Build.0 = Debug|Any CPU
		{BC55DB09-0278-46AF-AFCA-A49AF67E5C25}.Release|Any CPU.ActiveCfg = Release|Any CPU
		{BC55DB09-0278-46AF-AFCA-A49AF67E5C25}.Release|Any CPU.Build.0 = Release|Any CPU
		{82DBF022-D5C8-489A-868F-B0C91B00CB7D}.Debug|Any CPU.ActiveCfg = Debug|Any CPU
		{82DBF022-D5C8-489A-868F-B0C91B00CB7D}.Debug|Any CPU.Build.0 = Debug|Any CPU
		{82DBF022-D5C8-489A-868F-B0C91B00CB7D}.Release|Any CPU.ActiveCfg = Release|Any CPU
		{82DBF022-D5C8-489A-868F-B0C91B00CB7D}.Release|Any CPU.Build.0 = Release|Any CPU
		{4928B534-EDF2-4779-96D1-ABAF4F7A7BA2}.Debug|Any CPU.ActiveCfg = Debug|Any CPU
		{4928B534-EDF2-4779-96D1-ABAF4F7A7BA2}.Debug|Any CPU.Build.0 = Debug|Any CPU
		{4928B534-EDF2-4779-96D1-ABAF4F7A7BA2}.Release|Any CPU.ActiveCfg = Release|Any CPU
		{4928B534-EDF2-4779-96D1-ABAF4F7A7BA2}.Release|Any CPU.Build.0 = Release|Any CPU
		{6803A324-1727-44CE-874D-36E530E64235}.Debug|Any CPU.ActiveCfg = Debug|Any CPU
		{6803A324-1727-44CE-874D-36E530E64235}.Debug|Any CPU.Build.0 = Debug|Any CPU
		{6803A324-1727-44CE-874D-36E530E64235}.Release|Any CPU.ActiveCfg = Release|Any CPU
		{6803A324-1727-44CE-874D-36E530E64235}.Release|Any CPU.Build.0 = Release|Any CPU
		{C847ED97-F286-452C-86B0-09BA267B2F20}.Debug|Any CPU.ActiveCfg = Debug|Any CPU
		{C847ED97-F286-452C-86B0-09BA267B2F20}.Debug|Any CPU.Build.0 = Debug|Any CPU
		{C847ED97-F286-452C-86B0-09BA267B2F20}.Release|Any CPU.ActiveCfg = Release|Any CPU
		{C847ED97-F286-452C-86B0-09BA267B2F20}.Release|Any CPU.Build.0 = Release|Any CPU
		{8FD37DF0-6886-4A8D-B7FF-2331D9A346C4}.Debug|Any CPU.ActiveCfg = Debug|Any CPU
		{8FD37DF0-6886-4A8D-B7FF-2331D9A346C4}.Debug|Any CPU.Build.0 = Debug|Any CPU
		{8FD37DF0-6886-4A8D-B7FF-2331D9A346C4}.Release|Any CPU.ActiveCfg = Release|Any CPU
		{8FD37DF0-6886-4A8D-B7FF-2331D9A346C4}.Release|Any CPU.Build.0 = Release|Any CPU
		{CB25F6C7-EDE0-4B90-A75C-6DB010693B3E}.Debug|Any CPU.ActiveCfg = Debug|Any CPU
		{CB25F6C7-EDE0-4B90-A75C-6DB010693B3E}.Debug|Any CPU.Build.0 = Debug|Any CPU
		{CB25F6C7-EDE0-4B90-A75C-6DB010693B3E}.Release|Any CPU.ActiveCfg = Release|Any CPU
		{CB25F6C7-EDE0-4B90-A75C-6DB010693B3E}.Release|Any CPU.Build.0 = Release|Any CPU
		{414E39CF-4516-4D4A-9C09-9641EFE84D68}.Debug|Any CPU.ActiveCfg = Debug|Any CPU
		{414E39CF-4516-4D4A-9C09-9641EFE84D68}.Debug|Any CPU.Build.0 = Debug|Any CPU
		{414E39CF-4516-4D4A-9C09-9641EFE84D68}.Release|Any CPU.ActiveCfg = Release|Any CPU
		{414E39CF-4516-4D4A-9C09-9641EFE84D68}.Release|Any CPU.Build.0 = Release|Any CPU
		{466EE5C1-F5EC-4C4F-94EB-55988920171C}.Debug|Any CPU.ActiveCfg = Debug|Any CPU
		{466EE5C1-F5EC-4C4F-94EB-55988920171C}.Debug|Any CPU.Build.0 = Debug|Any CPU
		{466EE5C1-F5EC-4C4F-94EB-55988920171C}.Release|Any CPU.ActiveCfg = Release|Any CPU
		{466EE5C1-F5EC-4C4F-94EB-55988920171C}.Release|Any CPU.Build.0 = Release|Any CPU
		{EA96BE48-E2AE-46C2-BE1D-A405A7ECEAFE}.Debug|Any CPU.ActiveCfg = Debug|Any CPU
		{EA96BE48-E2AE-46C2-BE1D-A405A7ECEAFE}.Debug|Any CPU.Build.0 = Debug|Any CPU
		{EA96BE48-E2AE-46C2-BE1D-A405A7ECEAFE}.Release|Any CPU.ActiveCfg = Release|Any CPU
		{EA96BE48-E2AE-46C2-BE1D-A405A7ECEAFE}.Release|Any CPU.Build.0 = Release|Any CPU
		{DE6E3110-1065-4E40-A384-415B46794DE4}.Debug|Any CPU.ActiveCfg = Debug|Any CPU
		{DE6E3110-1065-4E40-A384-415B46794DE4}.Debug|Any CPU.Build.0 = Debug|Any CPU
		{DE6E3110-1065-4E40-A384-415B46794DE4}.Release|Any CPU.ActiveCfg = Release|Any CPU
		{DE6E3110-1065-4E40-A384-415B46794DE4}.Release|Any CPU.Build.0 = Release|Any CPU
		{FEBE8F81-B8A3-4012-82F9-E3025C803B35}.Debug|Any CPU.ActiveCfg = Debug|Any CPU
		{FEBE8F81-B8A3-4012-82F9-E3025C803B35}.Debug|Any CPU.Build.0 = Debug|Any CPU
		{FEBE8F81-B8A3-4012-82F9-E3025C803B35}.Release|Any CPU.ActiveCfg = Release|Any CPU
		{FEBE8F81-B8A3-4012-82F9-E3025C803B35}.Release|Any CPU.Build.0 = Release|Any CPU
		{DE956C59-0CDE-4922-ACAF-BA48FC277AAA}.Debug|Any CPU.ActiveCfg = Debug|Any CPU
		{DE956C59-0CDE-4922-ACAF-BA48FC277AAA}.Debug|Any CPU.Build.0 = Debug|Any CPU
		{DE956C59-0CDE-4922-ACAF-BA48FC277AAA}.Release|Any CPU.ActiveCfg = Release|Any CPU
		{DE956C59-0CDE-4922-ACAF-BA48FC277AAA}.Release|Any CPU.Build.0 = Release|Any CPU
		{9631F982-713A-4509-ABF2-C7D05ABA8D50}.Debug|Any CPU.ActiveCfg = Debug|Any CPU
		{9631F982-713A-4509-ABF2-C7D05ABA8D50}.Debug|Any CPU.Build.0 = Debug|Any CPU
		{9631F982-713A-4509-ABF2-C7D05ABA8D50}.Release|Any CPU.ActiveCfg = Release|Any CPU
		{9631F982-713A-4509-ABF2-C7D05ABA8D50}.Release|Any CPU.Build.0 = Release|Any CPU
		{B3588B47-92E6-4C49-BC39-E4E4D7F284DD}.Debug|Any CPU.ActiveCfg = Debug|Any CPU
		{B3588B47-92E6-4C49-BC39-E4E4D7F284DD}.Debug|Any CPU.Build.0 = Debug|Any CPU
		{B3588B47-92E6-4C49-BC39-E4E4D7F284DD}.Release|Any CPU.ActiveCfg = Release|Any CPU
		{B3588B47-92E6-4C49-BC39-E4E4D7F284DD}.Release|Any CPU.Build.0 = Release|Any CPU
		{B82A6458-F884-4130-AD2B-3CFB513E9371}.Debug|Any CPU.ActiveCfg = Debug|Any CPU
		{B82A6458-F884-4130-AD2B-3CFB513E9371}.Debug|Any CPU.Build.0 = Debug|Any CPU
		{B82A6458-F884-4130-AD2B-3CFB513E9371}.Release|Any CPU.ActiveCfg = Release|Any CPU
		{B82A6458-F884-4130-AD2B-3CFB513E9371}.Release|Any CPU.Build.0 = Release|Any CPU
		{CCA4DBAA-63F4-403B-8989-0E3094FC8304}.Debug|Any CPU.ActiveCfg = Debug|Any CPU
		{CCA4DBAA-63F4-403B-8989-0E3094FC8304}.Debug|Any CPU.Build.0 = Debug|Any CPU
		{CCA4DBAA-63F4-403B-8989-0E3094FC8304}.Release|Any CPU.ActiveCfg = Release|Any CPU
		{CCA4DBAA-63F4-403B-8989-0E3094FC8304}.Release|Any CPU.Build.0 = Release|Any CPU
		{B7034D3E-6F49-4513-8C10-6AD642729E2D}.Debug|Any CPU.ActiveCfg = Debug|Any CPU
		{B7034D3E-6F49-4513-8C10-6AD642729E2D}.Debug|Any CPU.Build.0 = Debug|Any CPU
		{B7034D3E-6F49-4513-8C10-6AD642729E2D}.Release|Any CPU.ActiveCfg = Release|Any CPU
		{B7034D3E-6F49-4513-8C10-6AD642729E2D}.Release|Any CPU.Build.0 = Release|Any CPU
		{3DA65026-FF0F-42C0-8616-B1E2CB74819F}.Debug|Any CPU.ActiveCfg = Debug|Any CPU
		{3DA65026-FF0F-42C0-8616-B1E2CB74819F}.Debug|Any CPU.Build.0 = Debug|Any CPU
		{3DA65026-FF0F-42C0-8616-B1E2CB74819F}.Release|Any CPU.ActiveCfg = Release|Any CPU
		{3DA65026-FF0F-42C0-8616-B1E2CB74819F}.Release|Any CPU.Build.0 = Release|Any CPU
		{BD727AA1-26C7-41E1-B09B-91CD3E1585A3}.Debug|Any CPU.ActiveCfg = Debug|Any CPU
		{BD727AA1-26C7-41E1-B09B-91CD3E1585A3}.Debug|Any CPU.Build.0 = Debug|Any CPU
		{BD727AA1-26C7-41E1-B09B-91CD3E1585A3}.Release|Any CPU.ActiveCfg = Release|Any CPU
		{BD727AA1-26C7-41E1-B09B-91CD3E1585A3}.Release|Any CPU.Build.0 = Release|Any CPU
	EndGlobalSection
	GlobalSection(SolutionProperties) = preSolution
		HideSolutionNode = FALSE
	EndGlobalSection
	GlobalSection(ExtensibilityGlobals) = postSolution
		SolutionGuid = {231257E8-739C-444D-AA72-BFFFFE065AE0}
	EndGlobalSection
EndGlobal
